// !$*UTF8*$!
{
	archiveVersion = 1;
	classes = {
	};
	objectVersion = 50;
	objects = {

/* Begin PBXBuildFile section */
		B171579C22B1693800CD52B3 /* AppDelegate.swift in Sources */ = {isa = PBXBuildFile; fileRef = B171579B22B1693800CD52B3 /* AppDelegate.swift */; };
		B171579E22B1693800CD52B3 /* ViewController.swift in Sources */ = {isa = PBXBuildFile; fileRef = B171579D22B1693800CD52B3 /* ViewController.swift */; };
		B17157A122B1693800CD52B3 /* Main.storyboard in Resources */ = {isa = PBXBuildFile; fileRef = B171579F22B1693800CD52B3 /* Main.storyboard */; };
		B17157A322B1693A00CD52B3 /* Assets.xcassets in Resources */ = {isa = PBXBuildFile; fileRef = B17157A222B1693A00CD52B3 /* Assets.xcassets */; };
		B17157A622B1693A00CD52B3 /* LaunchScreen.storyboard in Resources */ = {isa = PBXBuildFile; fileRef = B17157A422B1693A00CD52B3 /* LaunchScreen.storyboard */; };
		B17157B522B170AE00CD52B3 /* WebKit.framework in Frameworks */ = {isa = PBXBuildFile; fileRef = B17157B022B1705F00CD52B3 /* WebKit.framework */; };
/* End PBXBuildFile section */

/* Begin PBXFileReference section */
		B171579822B1693800CD52B3 /* DemoUniversalLinks.app */ = {isa = PBXFileReference; explicitFileType = wrapper.application; includeInIndex = 0; path = DemoUniversalLinks.app; sourceTree = BUILT_PRODUCTS_DIR; };
		B171579B22B1693800CD52B3 /* AppDelegate.swift */ = {isa = PBXFileReference; lastKnownFileType = sourcecode.swift; path = AppDelegate.swift; sourceTree = "<group>"; };
		B171579D22B1693800CD52B3 /* ViewController.swift */ = {isa = PBXFileReference; lastKnownFileType = sourcecode.swift; path = ViewController.swift; sourceTree = "<group>"; };
		B17157A022B1693800CD52B3 /* Base */ = {isa = PBXFileReference; lastKnownFileType = file.storyboard; name = Base; path = Base.lproj/Main.storyboard; sourceTree = "<group>"; };
		B17157A222B1693A00CD52B3 /* Assets.xcassets */ = {isa = PBXFileReference; lastKnownFileType = folder.assetcatalog; path = Assets.xcassets; sourceTree = "<group>"; };
		B17157A522B1693A00CD52B3 /* Base */ = {isa = PBXFileReference; lastKnownFileType = file.storyboard; name = Base; path = Base.lproj/LaunchScreen.storyboard; sourceTree = "<group>"; };
		B17157A722B1693A00CD52B3 /* Info.plist */ = {isa = PBXFileReference; lastKnownFileType = text.plist.xml; path = Info.plist; sourceTree = "<group>"; };
		B17157B022B1705F00CD52B3 /* WebKit.framework */ = {isa = PBXFileReference; lastKnownFileType = wrapper.framework; name = WebKit.framework; path = System/Library/Frameworks/WebKit.framework; sourceTree = SDKROOT; };
/* End PBXFileReference section */

/* Begin PBXFrameworksBuildPhase section */
		B171579522B1693800CD52B3 /* Frameworks */ = {
			isa = PBXFrameworksBuildPhase;
			buildActionMask = 2147483647;
			files = (
				B17157B522B170AE00CD52B3 /* WebKit.framework in Frameworks */,
			);
			runOnlyForDeploymentPostprocessing = 0;
		};
/* End PBXFrameworksBuildPhase section */

/* Begin PBXGroup section */
		B171578F22B1693800CD52B3 = {
			isa = PBXGroup;
			children = (
				B171579A22B1693800CD52B3 /* DemoUniversalLinks */,
				B171579922B1693800CD52B3 /* Products */,
				B17157AF22B1705F00CD52B3 /* Frameworks */,
			);
			sourceTree = "<group>";
		};
		B171579922B1693800CD52B3 /* Products */ = {
			isa = PBXGroup;
			children = (
				B171579822B1693800CD52B3 /* DemoUniversalLinks.app */,
			);
			name = Products;
			sourceTree = "<group>";
		};
		B171579A22B1693800CD52B3 /* DemoUniversalLinks */ = {
			isa = PBXGroup;
			children = (
				B171579B22B1693800CD52B3 /* AppDelegate.swift */,
				B171579D22B1693800CD52B3 /* ViewController.swift */,
				B171579F22B1693800CD52B3 /* Main.storyboard */,
				B17157A222B1693A00CD52B3 /* Assets.xcassets */,
				B17157A422B1693A00CD52B3 /* LaunchScreen.storyboard */,
				B17157A722B1693A00CD52B3 /* Info.plist */,
			);
			path = DemoUniversalLinks;
			sourceTree = "<group>";
		};
		B17157AF22B1705F00CD52B3 /* Frameworks */ = {
			isa = PBXGroup;
			children = (
				B17157B022B1705F00CD52B3 /* WebKit.framework */,
			);
			name = Frameworks;
			sourceTree = "<group>";
		};
/* End PBXGroup section */

/* Begin PBXNativeTarget section */
		B171579722B1693800CD52B3 /* DemoUniversalLinks */ = {
			isa = PBXNativeTarget;
			buildConfigurationList = B17157AA22B1693A00CD52B3 /* Build configuration list for PBXNativeTarget "DemoUniversalLinks" */;
			buildPhases = (
				B171579422B1693800CD52B3 /* Sources */,
				B171579522B1693800CD52B3 /* Frameworks */,
				B171579622B1693800CD52B3 /* Resources */,
			);
			buildRules = (
			);
			dependencies = (
			);
			name = DemoUniversalLinks;
			productName = DemoUniversalLinks;
			productReference = B171579822B1693800CD52B3 /* DemoUniversalLinks.app */;
			productType = "com.apple.product-type.application";
		};
/* End PBXNativeTarget section */

/* Begin PBXProject section */
		B171579022B1693800CD52B3 /* Project object */ = {
			isa = PBXProject;
			attributes = {
				LastSwiftUpdateCheck = 1020;
				LastUpgradeCheck = 1020;
				ORGANIZATIONNAME = armstrongnate;
				TargetAttributes = {
					B171579722B1693800CD52B3 = {
						CreatedOnToolsVersion = 10.2.1;
					};
				};
			};
			buildConfigurationList = B171579322B1693800CD52B3 /* Build configuration list for PBXProject "DemoUniversalLinks" */;
			compatibilityVersion = "Xcode 9.3";
			developmentRegion = en;
			hasScannedForEncodings = 0;
			knownRegions = (
				en,
				Base,
			);
			mainGroup = B171578F22B1693800CD52B3;
			productRefGroup = B171579922B1693800CD52B3 /* Products */;
			projectDirPath = "";
			projectRoot = "";
			targets = (
				B171579722B1693800CD52B3 /* DemoUniversalLinks */,
			);
		};
/* End PBXProject section */

/* Begin PBXResourcesBuildPhase section */
		B171579622B1693800CD52B3 /* Resources */ = {
			isa = PBXResourcesBuildPhase;
			buildActionMask = 2147483647;
			files = (
				B17157A622B1693A00CD52B3 /* LaunchScreen.storyboard in Resources */,
				B17157A322B1693A00CD52B3 /* Assets.xcassets in Resources */,
				B17157A122B1693800CD52B3 /* Main.storyboard in Resources */,
			);
			runOnlyForDeploymentPostprocessing = 0;
		};
/* End PBXResourcesBuildPhase section */

/* Begin PBXSourcesBuildPhase section */
		B171579422B1693800CD52B3 /* Sources */ = {
			isa = PBXSourcesBuildPhase;
			buildActionMask = 2147483647;
			files = (
				B171579E22B1693800CD52B3 /* ViewController.swift in Sources */,
				B171579C22B1693800CD52B3 /* AppDelegate.swift in Sources */,
			);
			runOnlyForDeploymentPostprocessing = 0;
		};
/* End PBXSourcesBuildPhase section */

/* Begin PBXVariantGroup section */
		B171579F22B1693800CD52B3 /* Main.storyboard */ = {
			isa = PBXVariantGroup;
			children = (
				B17157A022B1693800CD52B3 /* Base */,
			);
			name = Main.storyboard;
			sourceTree = "<group>";
		};
		B17157A422B1693A00CD52B3 /* LaunchScreen.storyboard */ = {
			isa = PBXVariantGroup;
			children = (
				B17157A522B1693A00CD52B3 /* Base */,
			);
			name = LaunchScreen.storyboard;
			sourceTree = "<group>";
		};
/* End PBXVariantGroup section */

/* Begin XCBuildConfiguration section */
		B17157A822B1693A00CD52B3 /* Debug */ = {
			isa = XCBuildConfiguration;
			buildSettings = {
				ALWAYS_SEARCH_USER_PATHS = NO;
				CLANG_ANALYZER_NONNULL = YES;
				CLANG_ANALYZER_NUMBER_OBJECT_CONVERSION = YES_AGGRESSIVE;
				CLANG_CXX_LANGUAGE_STANDARD = "gnu++14";
				CLANG_CXX_LIBRARY = "libc++";
				CLANG_ENABLE_MODULES = YES;
				CLANG_ENABLE_OBJC_ARC = YES;
				CLANG_ENABLE_OBJC_WEAK = YES;
				CLANG_WARN_BLOCK_CAPTURE_AUTORELEASING = YES;
				CLANG_WARN_BOOL_CONVERSION = YES;
				CLANG_WARN_COMMA = YES;
				CLANG_WARN_CONSTANT_CONVERSION = YES;
				CLANG_WARN_DEPRECATED_OBJC_IMPLEMENTATIONS = YES;
				CLANG_WARN_DIRECT_OBJC_ISA_USAGE = YES_ERROR;
				CLANG_WARN_DOCUMENTATION_COMMENTS = YES;
				CLANG_WARN_EMPTY_BODY = YES;
				CLANG_WARN_ENUM_CONVERSION = YES;
				CLANG_WARN_INFINITE_RECURSION = YES;
				CLANG_WARN_INT_CONVERSION = YES;
				CLANG_WARN_NON_LITERAL_NULL_CONVERSION = YES;
				CLANG_WARN_OBJC_IMPLICIT_RETAIN_SELF = YES;
				CLANG_WARN_OBJC_LITERAL_CONVERSION = YES;
				CLANG_WARN_OBJC_ROOT_CLASS = YES_ERROR;
				CLANG_WARN_RANGE_LOOP_ANALYSIS = YES;
				CLANG_WARN_STRICT_PROTOTYPES = YES;
				CLANG_WARN_SUSPICIOUS_MOVE = YES;
				CLANG_WARN_UNGUARDED_AVAILABILITY = YES_AGGRESSIVE;
				CLANG_WARN_UNREACHABLE_CODE = YES;
				CLANG_WARN__DUPLICATE_METHOD_MATCH = YES;
				CODE_SIGN_IDENTITY = "iPhone Developer";
				COPY_PHASE_STRIP = NO;
				DEBUG_INFORMATION_FORMAT = dwarf;
				ENABLE_STRICT_OBJC_MSGSEND = YES;
				ENABLE_TESTABILITY = YES;
				GCC_C_LANGUAGE_STANDARD = gnu11;
				GCC_DYNAMIC_NO_PIC = NO;
				GCC_NO_COMMON_BLOCKS = YES;
				GCC_OPTIMIZATION_LEVEL = 0;
				GCC_PREPROCESSOR_DEFINITIONS = (
					"DEBUG=1",
					"$(inherited)",
				);
				GCC_WARN_64_TO_32_BIT_CONVERSION = YES;
				GCC_WARN_ABOUT_RETURN_TYPE = YES_ERROR;
				GCC_WARN_UNDECLARED_SELECTOR = YES;
				GCC_WARN_UNINITIALIZED_AUTOS = YES_AGGRESSIVE;
				GCC_WARN_UNUSED_FUNCTION = YES;
				GCC_WARN_UNUSED_VARIABLE = YES;
				IPHONEOS_DEPLOYMENT_TARGET = 12.2;
				MTL_ENABLE_DEBUG_INFO = INCLUDE_SOURCE;
				MTL_FAST_MATH = YES;
				ONLY_ACTIVE_ARCH = YES;
				SDKROOT = iphoneos;
				SWIFT_ACTIVE_COMPILATION_CONDITIONS = DEBUG;
				SWIFT_OPTIMIZATION_LEVEL = "-Onone";
			};
			name = Debug;
		};
		B17157A922B1693A00CD52B3 /* Release */ = {
			isa = XCBuildConfiguration;
			buildSettings = {
				ALWAYS_SEARCH_USER_PATHS = NO;
				CLANG_ANALYZER_NONNULL = YES;
				CLANG_ANALYZER_NUMBER_OBJECT_CONVERSION = YES_AGGRESSIVE;
				CLANG_CXX_LANGUAGE_STANDARD = "gnu++14";
				CLANG_CXX_LIBRARY = "libc++";
				CLANG_ENABLE_MODULES = YES;
				CLANG_ENABLE_OBJC_ARC = YES;
				CLANG_ENABLE_OBJC_WEAK = YES;
				CLANG_WARN_BLOCK_CAPTURE_AUTORELEASING = YES;
				CLANG_WARN_BOOL_CONVERSION = YES;
				CLANG_WARN_COMMA = YES;
				CLANG_WARN_CONSTANT_CONVERSION = YES;
				CLANG_WARN_DEPRECATED_OBJC_IMPLEMENTATIONS = YES;
				CLANG_WARN_DIRECT_OBJC_ISA_USAGE = YES_ERROR;
				CLANG_WARN_DOCUMENTATION_COMMENTS = YES;
				CLANG_WARN_EMPTY_BODY = YES;
				CLANG_WARN_ENUM_CONVERSION = YES;
				CLANG_WARN_INFINITE_RECURSION = YES;
				CLANG_WARN_INT_CONVERSION = YES;
				CLANG_WARN_NON_LITERAL_NULL_CONVERSION = YES;
				CLANG_WARN_OBJC_IMPLICIT_RETAIN_SELF = YES;
				CLANG_WARN_OBJC_LITERAL_CONVERSION = YES;
				CLANG_WARN_OBJC_ROOT_CLASS = YES_ERROR;
				CLANG_WARN_RANGE_LOOP_ANALYSIS = YES;
				CLANG_WARN_STRICT_PROTOTYPES = YES;
				CLANG_WARN_SUSPICIOUS_MOVE = YES;
				CLANG_WARN_UNGUARDED_AVAILABILITY = YES_AGGRESSIVE;
				CLANG_WARN_UNREACHABLE_CODE = YES;
				CLANG_WARN__DUPLICATE_METHOD_MATCH = YES;
				CODE_SIGN_IDENTITY = "iPhone Developer";
				COPY_PHASE_STRIP = NO;
				DEBUG_INFORMATION_FORMAT = "dwarf-with-dsym";
				ENABLE_NS_ASSERTIONS = NO;
				ENABLE_STRICT_OBJC_MSGSEND = YES;
				GCC_C_LANGUAGE_STANDARD = gnu11;
				GCC_NO_COMMON_BLOCKS = YES;
				GCC_WARN_64_TO_32_BIT_CONVERSION = YES;
				GCC_WARN_ABOUT_RETURN_TYPE = YES_ERROR;
				GCC_WARN_UNDECLARED_SELECTOR = YES;
				GCC_WARN_UNINITIALIZED_AUTOS = YES_AGGRESSIVE;
				GCC_WARN_UNUSED_FUNCTION = YES;
				GCC_WARN_UNUSED_VARIABLE = YES;
				IPHONEOS_DEPLOYMENT_TARGET = 12.2;
				MTL_ENABLE_DEBUG_INFO = NO;
				MTL_FAST_MATH = YES;
				SDKROOT = iphoneos;
				SWIFT_COMPILATION_MODE = wholemodule;
				SWIFT_OPTIMIZATION_LEVEL = "-O";
				VALIDATE_PRODUCT = YES;
			};
			name = Release;
		};
		B17157AB22B1693A00CD52B3 /* Debug */ = {
			isa = XCBuildConfiguration;
			buildSettings = {
				ASSETCATALOG_COMPILER_APPICON_NAME = AppIcon;
				CODE_SIGN_STYLE = Automatic;
				DEVELOPMENT_TEAM = B6333T4PXQ;
				INFOPLIST_FILE = DemoUniversalLinks/Info.plist;
				LD_RUNPATH_SEARCH_PATHS = (
					"$(inherited)",
					"@executable_path/Frameworks",
				);
				PRODUCT_BUNDLE_IDENTIFIER = com.armstrongnate.DemoUniversalLinks;
				PRODUCT_NAME = "$(TARGET_NAME)";
				SWIFT_VERSION = 5.0;
				TARGETED_DEVICE_FAMILY = "1,2";
			};
			name = Debug;
		};
		B17157AC22B1693A00CD52B3 /* Release */ = {
			isa = XCBuildConfiguration;
			buildSettings = {
				ASSETCATALOG_COMPILER_APPICON_NAME = AppIcon;
				CODE_SIGN_STYLE = Automatic;
				DEVELOPMENT_TEAM = B6333T4PXQ;
				INFOPLIST_FILE = DemoUniversalLinks/Info.plist;
				LD_RUNPATH_SEARCH_PATHS = (
					"$(inherited)",
					"@executable_path/Frameworks",
				);
				PRODUCT_BUNDLE_IDENTIFIER = com.armstrongnate.DemoUniversalLinks;
				PRODUCT_NAME = "$(TARGET_NAME)";
				SWIFT_VERSION = 5.0;
				TARGETED_DEVICE_FAMILY = "1,2";
			};
			name = Release;
		};
/* End XCBuildConfiguration section */

/* Begin XCConfigurationList section */
		B171579322B1693800CD52B3 /* Build configuration list for PBXProject "DemoUniversalLinks" */ = {
			isa = XCConfigurationList;
			buildConfigurations = (
				B17157A822B1693A00CD52B3 /* Debug */,
				B17157A922B1693A00CD52B3 /* Release */,
			);
			defaultConfigurationIsVisible = 0;
			defaultConfigurationName = Release;
		};
		B17157AA22B1693A00CD52B3 /* Build configuration list for PBXNativeTarget "DemoUniversalLinks" */ = {
			isa = XCConfigurationList;
			buildConfigurations = (
				B17157AB22B1693A00CD52B3 /* Debug */,
				B17157AC22B1693A00CD52B3 /* Release */,
			);
			defaultConfigurationIsVisible = 0;
			defaultConfigurationName = Release;
		};
/* End XCConfigurationList section */
	};
	rootObject = B171579022B1693800CD52B3 /* Project object */;
}
